{
  "name": "@logo-software/markdown",
  "version": "0.1.0",
  "lockfileVersion": 1,
  "requires": true,
  "dependencies": {
    "highlight.js": {
      "version": "10.5.0",
      "resolved": "https://registry.npmjs.org/highlight.js/-/highlight.js-10.5.0.tgz",
      "integrity": "sha512-xTmvd9HiIHR6L53TMC7TKolEj65zG1XU+Onr8oi86mYa+nLcIbxTTWkpW7CsEwv/vK7u1zb8alZIMLDqqN6KTw=="
    },
    "marked": {
      "version": "1.2.7",
      "resolved": "https://registry.npmjs.org/marked/-/marked-1.2.7.tgz",
      "integrity": "sha512-No11hFYcXr/zkBvL6qFmAp1z6BKY3zqLMHny/JN/ey+al7qwCM2+CMBL9BOgqMxZU36fz4cCWfn2poWIf7QRXA=="
    }
  }
}
