{
  "name": "Polaris",
  "version": "1.0.0",
  "lockfileVersion": 1,
  "requires": true,
  "dependencies": {
    "@logo-software/breadcrumb": {
      "version": "1.0.0",
      "resolved": "https://registry.npmjs.org/@logo-software/breadcrumb/-/breadcrumb-1.0.0.tgz",
      "integrity": "sha512-QWxu7M3KsYmuIgwjhwRaXq8foKTCgDGBVVVMz2BNqJDdY1rWX9lKf5vnBQFHjHu0oSXNd9OMy8HIJr4vvDpZJA==",
      "requires": {
        "tslib": "^2.0.0"
      }
    },
    "@logo-software/combobox": {
      "version": "0.1.10",
      "resolved": "https://registry.npmjs.org/@logo-software/combobox/-/combobox-0.1.10.tgz",
      "integrity": "sha512-+AWi35iepudcYuP7jVza1KPKa8mjtekFUEQWMdNsn5PaNP6mvKqF5ngEEpsVna+lxK4Xh3hGfVRjGXI5b7Dg8A==",
      "requires": {
        "@logo-software/core": "~0.0.22",
        "@logo-software/tags": "^0.2.3",
        "@logo-software/theme": "^3.10.5",
        "tslib": "^1.10.0"
      },
      "dependencies": {
        "tslib": {
          "version": "1.14.1",
          "resolved": "https://registry.npmjs.org/tslib/-/tslib-1.14.1.tgz",
          "integrity": "sha512-Xni35NKzjgMrwevysHTCArtLDpPvye8zV/0E4EyYn43P7/7qvQwPh9BGkHewbMulVntbigmcT7rdX3BNo9wRJg=="
        }
      }
    },
    "@logo-software/core": {
      "version": "0.0.23",
      "resolved": "https://registry.npmjs.org/@logo-software/core/-/core-0.0.23.tgz",
      "integrity": "sha512-KJG91UF+W9oHATnzMI9nMwLlKvYMjUfwWmJqsP1TwKaUV9C56owfy/Hn4KYsWIMBr+wOi3WFBsGC3N69HdtcaA==",
      "requires": {
        "moment": "^2.24.0",
        "tslib": "^2.0.0"
      }
    },
    "@logo-software/header": {
      "version": "0.1.1",
      "resolved": "https://registry.npmjs.org/@logo-software/header/-/header-0.1.1.tgz",
      "integrity": "sha512-KWG4TZ5EWO6ONtOtEE/wioRQtAOnGrnQUDHVxVwZNkb1brUkdtAq7wzHWqz/xQHvAWFJImNAFXEHRzx7TeEHTw==",
      "requires": {
        "@logo-software/icons": "~1.5.2",
        "@logo-software/theme": "~3.8.1",
        "tslib": "^2.0.0"
      },
      "dependencies": {
        "@logo-software/theme": {
          "version": "3.8.1",
          "resolved": "https://registry.npmjs.org/@logo-software/theme/-/theme-3.8.1.tgz",
          "integrity": "sha512-xfPRsdValpX/BrvotFpfdeF0wU2q9+R17CKXcuQ3rlb1YnnoNoYxa/Jz50zL+kif/2eBStRSBbVj/T+mS8Es2Q==",
          "requires": {
            "tslib": "^1.10.0"
          },
          "dependencies": {
            "tslib": {
              "version": "1.14.1",
              "resolved": "https://registry.npmjs.org/tslib/-/tslib-1.14.1.tgz",
              "integrity": "sha512-Xni35NKzjgMrwevysHTCArtLDpPvye8zV/0E4EyYn43P7/7qvQwPh9BGkHewbMulVntbigmcT7rdX3BNo9wRJg=="
            }
          }
        }
      }
    },
    "@logo-software/hero": {
      "version": "0.1.1",
      "resolved": "https://registry.npmjs.org/@logo-software/hero/-/hero-0.1.1.tgz",
      "integrity": "sha512-94jUlJWJzcfiVwXeR9634a3nAJ7SMfnMD7ZC+PtI/zSWzZeY89H2s1nXFIOh05AAD01azu1tiltCZI6pus02BA==",
      "requires": {
        "@logo-software/theme": "~3.8.1",
        "tslib": "^2.0.0"
      },
      "dependencies": {
        "@logo-software/theme": {
          "version": "3.8.1",
          "resolved": "https://registry.npmjs.org/@logo-software/theme/-/theme-3.8.1.tgz",
          "integrity": "sha512-xfPRsdValpX/BrvotFpfdeF0wU2q9+R17CKXcuQ3rlb1YnnoNoYxa/Jz50zL+kif/2eBStRSBbVj/T+mS8Es2Q==",
          "requires": {
            "tslib": "^1.10.0"
          },
          "dependencies": {
            "tslib": {
              "version": "1.14.1",
              "resolved": "https://registry.npmjs.org/tslib/-/tslib-1.14.1.tgz",
              "integrity": "sha512-Xni35NKzjgMrwevysHTCArtLDpPvye8zV/0E4EyYn43P7/7qvQwPh9BGkHewbMulVntbigmcT7rdX3BNo9wRJg=="
            }
          }
        }
      }
    },
    "@logo-software/icons": {
      "version": "1.5.2",
      "resolved": "https://registry.npmjs.org/@logo-software/icons/-/icons-1.5.2.tgz",
      "integrity": "sha512-l9W56p6OwI7rbyva1IqQTyhdWmuAkJHxJljkV23mtwnIAL/ou29hPkQWtle6Bzlrs9Ca37mzC9Z4w40JWnJunA==",
      "requires": {
        "fs-extra": "^9.0.1",
        "tslib": "^1.10.0"
      },
      "dependencies": {
        "tslib": {
          "version": "1.14.1",
          "resolved": "https://registry.npmjs.org/tslib/-/tslib-1.14.1.tgz",
          "integrity": "sha512-Xni35NKzjgMrwevysHTCArtLDpPvye8zV/0E4EyYn43P7/7qvQwPh9BGkHewbMulVntbigmcT7rdX3BNo9wRJg=="
        }
      }
    },
    "@logo-software/idm": {
      "version": "0.2.1",
      "resolved": "https://registry.npmjs.org/@logo-software/idm/-/idm-0.2.1.tgz",
      "integrity": "sha512-uMZ3csTVTiSZE9VVWq9aKIzyEisvDjqVfHL77RiPFLh5NKW7TzgaicDc1R3g5ISDcvZHKKAqbacndF146/6Kqw==",
      "requires": {
        "@logo-software/storage": "~0.2.1",
        "tslib": "^2.0.0"
      }
    },
    "@logo-software/paging": {
      "version": "1.1.3",
      "resolved": "https://registry.npmjs.org/@logo-software/paging/-/paging-1.1.3.tgz",
      "integrity": "sha512-OPiRevQLSvRa/Uy7svwx4LvUPRDSW/vd9usA6ie9LBwBAIYKqA2NdMEG+UVblffq33twg2jhlAb11CwXYyL68g==",
      "requires": {
        "tslib": "^2.0.0"
      }
    },
    "@logo-software/storage": {
      "version": "0.2.1",
      "resolved": "https://registry.npmjs.org/@logo-software/storage/-/storage-0.2.1.tgz",
      "integrity": "sha512-I5sQfsY3eXqiwX2xUTRwzluv9JvIJ9uiYUiLFR9qss/izK3l8seS0jV6oDpDns8NQjySCr7PYItUj65OhiFElA==",
      "requires": {
        "tslib": "^2.0.0"
      }
    },
    "@logo-software/tags": {
      "version": "0.2.3",
      "resolved": "https://registry.npmjs.org/@logo-software/tags/-/tags-0.2.3.tgz",
      "integrity": "sha512-CuD2EJxtB5uRtW8lPWt6mV6KdGf40zohWnn99cEtxIxnxOWFukyYn5oNJCAMUQ0xT3R94gTHEDCzIMtptt1SYg==",
      "requires": {
        "@logo-software/theme": "^3.8.1",
        "tslib": "^2.0.0"
      }
    },
    "@logo-software/theme": {
      "version": "3.10.6",
      "resolved": "https://registry.npmjs.org/@logo-software/theme/-/theme-3.10.6.tgz",
      "integrity": "sha512-3K2GngloV5blCUb3MmJOiwFdYmB5Ef4WAj4NybSkJYuMBAcY4++vB/PJZFZeJRLzB0Qt3prZ3igUxBcu3dal4w==",
      "requires": {
        "tslib": "^1.10.0"
      },
      "dependencies": {
        "tslib": {
          "version": "1.14.1",
          "resolved": "https://registry.npmjs.org/tslib/-/tslib-1.14.1.tgz",
          "integrity": "sha512-Xni35NKzjgMrwevysHTCArtLDpPvye8zV/0E4EyYn43P7/7qvQwPh9BGkHewbMulVntbigmcT7rdX3BNo9wRJg=="
        }
      }
    },
    "at-least-node": {
      "version": "1.0.0",
      "resolved": "https://registry.npmjs.org/at-least-node/-/at-least-node-1.0.0.tgz",
      "integrity": "sha512-+q/t7Ekv1EDY2l6Gda6LLiX14rU9TV20Wa3ofeQmwPFZbOMo9DXrLbOjFaaclkXKWidIaopwAObQDqwWtGUjqg=="
    },
    "fs-extra": {
      "version": "9.1.0",
      "resolved": "https://registry.npmjs.org/fs-extra/-/fs-extra-9.1.0.tgz",
      "integrity": "sha512-hcg3ZmepS30/7BSFqRvoo3DOMQu7IjqxO5nCDt+zM9XWjb33Wg7ziNT+Qvqbuc3+gWpzO02JubVyk2G4Zvo1OQ==",
      "requires": {
        "at-least-node": "^1.0.0",
        "graceful-fs": "^4.2.0",
        "jsonfile": "^6.0.1",
        "universalify": "^2.0.0"
      }
    },
    "graceful-fs": {
      "version": "4.2.6",
      "resolved": "https://registry.npmjs.org/graceful-fs/-/graceful-fs-4.2.6.tgz",
      "integrity": "sha512-nTnJ528pbqxYanhpDYsi4Rd8MAeaBA67+RZ10CM1m3bTAVFEDcd5AuA4a6W5YkGZ1iNXHzZz8T6TBKLeBuNriQ=="
    },
    "jsonfile": {
      "version": "6.1.0",
      "resolved": "https://registry.npmjs.org/jsonfile/-/jsonfile-6.1.0.tgz",
      "integrity": "sha512-5dgndWOriYSm5cnYaJNhalLNDKOqFwyDB/rr1E9ZsGciGvKPs8R2xYGCacuf3z6K1YKDz182fd+fY3cn3pMqXQ==",
      "requires": {
        "graceful-fs": "^4.1.6",
        "universalify": "^2.0.0"
      }
    },
    "moment": {
      "version": "2.29.1",
      "resolved": "https://registry.npmjs.org/moment/-/moment-2.29.1.tgz",
      "integrity": "sha512-kHmoybcPV8Sqy59DwNDY3Jefr64lK/by/da0ViFcuA4DH0vQg5Q6Ze5VimxkfQNSC+Mls/Kx53s7TjP1RhFEDQ=="
    },
    "ng2-pdfjs-viewer": {
      "version": "6.0.1",
      "resolved": "https://registry.npmjs.org/ng2-pdfjs-viewer/-/ng2-pdfjs-viewer-6.0.1.tgz",
      "integrity": "sha512-Mf4ZzCzhLi5fLJFi034TcywtolRTKARHfkqX/ovXQyIuT6R9L2wPGJdeFG0fOJ58mWt6KUNWhTsa0Kbd8Oe7JA=="
    },
    "tslib": {
      "version": "2.3.0",
      "resolved": "https://registry.npmjs.org/tslib/-/tslib-2.3.0.tgz",
      "integrity": "sha512-N82ooyxVNm6h1riLCoyS9e3fuJ3AMG2zIZs2Gd1ATcSFjSA23Q0fzjjZeh0jbJvWVDZ0cJT8yaNNaaXHzueNjg=="
    },
    "universalify": {
      "version": "2.0.0",
      "resolved": "https://registry.npmjs.org/universalify/-/universalify-2.0.0.tgz",
      "integrity": "sha512-hAZsKq7Yy11Zu1DE0OzWjw7nnLZmJZYTDZZyEFHZdUhV8FkH5MCfoU1XMaxXovpyW5nq5scPqq0ZDP9Zyl04oQ=="
    }
  }
}
