{
  "name": "@logo-software/excel",
  "version": "1.0.8",
  "lockfileVersion": 1,
  "requires": true,
  "dependencies": {
    "@logo-software/icons": {
      "version": "0.0.3",
      "resolved": "https://registry.npmjs.org/@logo-software/icons/-/icons-0.0.3.tgz",
      "integrity": "sha512-uxrL7kc6hdcwtYc93B5yTwTfs1Snqj72FYJYf3ULPt+jzvDxx5ePZOb72tTmYshdZQz4Cm0W5VAGoRStHdqXCw=="
    },
    "@types/file-saver": {
      "version": "2.0.1",
      "resolved": "https://registry.npmjs.org/@types/file-saver/-/file-saver-2.0.1.tgz",
      "integrity": "sha512-g1QUuhYVVAamfCifK7oB7G3aIl4BbOyzDOqVyUfEr4tfBKrXfeH+M+Tg7HKCXSrbzxYdhyCP7z9WbKo0R2hBCw==",
      "dev": true
    },
    "file-saver": {
      "version": "2.0.2",
      "resolved": "https://registry.npmjs.org/file-saver/-/file-saver-2.0.2.tgz",
      "integrity": "sha512-Wz3c3XQ5xroCxd1G8b7yL0Ehkf0TC9oYC6buPFkNnU9EnaPlifeAFCyCh+iewXTyFRcg0a6j3J7FmJsIhlhBdw=="
    },
    "xmlbuilder": {
      "version": "12.0.1",
      "resolved": "https://registry.npmjs.org/xmlbuilder/-/xmlbuilder-12.0.1.tgz",
      "integrity": "sha512-rRjf/JR+sEMqU2o6WEA+iR/YRIegH3P35eiQuCsT1YfZqOS+iu23azPq0igZjpBX+wa7D8gHd845kLPzow7IKg=="
    }
  }
}
