{
  "name": "@logo-software/table",
  "version": "1.1.10",
  "lockfileVersion": 1,
  "requires": true,
  "dependencies": {
    "@logo-software/core": {
      "version": "0.0.21",
      "resolved": "https://registry.npmjs.org/@logo-software/core/-/core-0.0.21.tgz",
      "integrity": "sha512-a6cTM3JEtUyUJgW9d1lXM7Yi76hLytmuczVqIMDgWoyjEHK36VxiLtCOSVtwxddZiwsUttncHl1uT2tQGMxRjg==",
      "requires": {
        "moment": "^2.24.0"
      }
    },
    "@logo-software/excel": {
      "version": "0.0.13",
      "resolved": "https://registry.npmjs.org/@logo-software/excel/-/excel-0.0.13.tgz",
      "integrity": "sha512-opyDMhDpVQcaLrXwKfdZU2khLpkgxnyiImF8IFFT70XdiWfrDTUBGtKL3azc4ED72UWT+DZI/oV8lcdqXQcGSw==",
      "requires": {
        "file-saver": "^2.0.2",
        "xmlbuilder": "^12.0.1"
      }
    },
    "@logo-software/icons": {
      "version": "0.0.3",
      "resolved": "https://registry.npmjs.org/@logo-software/icons/-/icons-0.0.3.tgz",
      "integrity": "sha512-uxrL7kc6hdcwtYc93B5yTwTfs1Snqj72FYJYf3ULPt+jzvDxx5ePZOb72tTmYshdZQz4Cm0W5VAGoRStHdqXCw=="
    },
    "@logo-software/paging": {
      "version": "0.0.11",
      "resolved": "https://registry.npmjs.org/@logo-software/paging/-/paging-0.0.11.tgz",
      "integrity": "sha512-l5LUtvPeM+a8uW0rV89+H0Ue3qDvNNDlgdvIPj7ME/qR/yvPC0astBLlcCvelhHM0URaNk4U7uB+WkRFc7gcNQ=="
    },
    "file-saver": {
      "version": "2.0.2",
      "resolved": "https://registry.npmjs.org/file-saver/-/file-saver-2.0.2.tgz",
      "integrity": "sha512-Wz3c3XQ5xroCxd1G8b7yL0Ehkf0TC9oYC6buPFkNnU9EnaPlifeAFCyCh+iewXTyFRcg0a6j3J7FmJsIhlhBdw=="
    },
    "moment": {
      "version": "2.25.3",
      "resolved": "https://registry.npmjs.org/moment/-/moment-2.25.3.tgz",
      "integrity": "sha512-PuYv0PHxZvzc15Sp8ybUCoQ+xpyPWvjOuK72a5ovzp2LI32rJXOiIfyoFoYvG3s6EwwrdkMyWuRiEHSZRLJNdg=="
    },
    "xmlbuilder": {
      "version": "12.0.1",
      "resolved": "https://registry.npmjs.org/xmlbuilder/-/xmlbuilder-12.0.1.tgz",
      "integrity": "sha512-rRjf/JR+sEMqU2o6WEA+iR/YRIegH3P35eiQuCsT1YfZqOS+iu23azPq0igZjpBX+wa7D8gHd845kLPzow7IKg=="
    }
  }
}
