{
  "name": "developer.logo.com.tr",
  "version": "1.0.0",
  "lockfileVersion": 1,
  "requires": true,
  "dependencies": {
    "@logo-software/cursor": {
      "version": "0.0.5",
      "resolved": "https://registry.npmjs.org/@logo-software/cursor/-/cursor-0.0.5.tgz",
      "integrity": "sha512-GMmXDZuyV7kawAf8NdkUPnpnwZDQYLAXR7nnjl9AkQhZoberIl5fTh9HmQeqX1Zg93B7UuXO6lAxiF5Ry8U0Bw=="
    },
    "canvas-particle-network": {
      "version": "1.5.0",
      "resolved": "https://registry.npmjs.org/canvas-particle-network/-/canvas-particle-network-1.5.0.tgz",
      "integrity": "sha1-QQ4Rr3t4C5SMx1RCpnrm/3ONX0o="
    },
    "moment": {
      "version": "2.27.0",
      "resolved": "https://registry.npmjs.org/moment/-/moment-2.27.0.tgz",
      "integrity": "sha512-al0MUK7cpIcglMv3YF13qSgdAIqxHTO7brRtaz3DlSULbqfazqkc5kEjNrLDOM7fsjshoFIihnU8snrP7zUvhQ=="
    }
  }
}
