{
  "name": "paas",
  "version": "1.0.0",
  "lockfileVersion": 1,
  "requires": true,
  "dependencies": {
    "@logo-software/core": {
      "version": "file:../../logo-software-core-0.0.21.tgz",
      "integrity": "sha512-ToiSgLWHq0vS9EsEf3TGcJJiazlQQ1ed2gqCQ7MOxys3xQbuFOwbsP0sfq5NENGN/FvWkprE0UHreEPPm3xx+w==",
      "requires": {
        "moment": "^2.24.0"
      }
    },
    "@logo-software/cursor": {
      "version": "file:../../logo-software-cursor-0.0.1.tgz",
      "integrity": "sha512-qmhGZ1vsGgjKq0PuEZ5AOSGx5GDbY60GwjpSOA7D+uvcefv5VJhLOLwU6gMMwupKpzlpWNY+cr2SfYXyOvt2KA=="
    },
    "canvas-particle-network": {
      "version": "1.5.0",
      "resolved": "https://registry.npmjs.org/canvas-particle-network/-/canvas-particle-network-1.5.0.tgz",
      "integrity": "sha1-QQ4Rr3t4C5SMx1RCpnrm/3ONX0o="
    },
    "moment": {
      "version": "2.27.0",
      "resolved": "https://registry.npmjs.org/moment/-/moment-2.27.0.tgz",
      "integrity": "sha512-al0MUK7cpIcglMv3YF13qSgdAIqxHTO7brRtaz3DlSULbqfazqkc5kEjNrLDOM7fsjshoFIihnU8snrP7zUvhQ=="
    }
  }
}
