{
  "name": "guideline",
  "version": "1.0.0",
  "lockfileVersion": 1,
  "requires": true,
  "dependencies": {
    "@logo-software/theme": {
      "version": "3.6.0",
      "resolved": "https://registry.npmjs.org/@logo-software/theme/-/theme-3.6.0.tgz",
      "integrity": "sha512-kqd5vUno4OQiiRk1IgII/Ultng/APZikwYlsueuV22i57kFYppSUd3/kANFg4mwbCGE7VI+B71QLLGYjSAhtqw==",
      "requires": {
        "tslib": "^1.10.0"
      }
    },
    "tslib": {
      "version": "1.14.1",
      "resolved": "https://registry.npmjs.org/tslib/-/tslib-1.14.1.tgz",
      "integrity": "sha512-Xni35NKzjgMrwevysHTCArtLDpPvye8zV/0E4EyYn43P7/7qvQwPh9BGkHewbMulVntbigmcT7rdX3BNo9wRJg=="
    }
  }
}
